
Microsoft Visual Studio Solution File, Format Version 12.00
# Visual Studio Version 17
VisualStudioVersion = 17.14.36221.1 d17.14
MinimumVisualStudioVersion = 10.0.40219.1
Project("{FAE04EC0-301F-11D3-BF4B-00C04F79EFBC}") = "YMM4DiscordTTS", "YMM4DiscordTTS\YMM4DiscordTTS.csproj", "{BDE09C9C-3BF3-4107-8BD7-E5B98B083ADF}"
EndProject
Global
	GlobalSection(SolutionConfigurationPlatforms) = preSolution
		Debug|Any CPU = Debug|Any CPU
		Release|Any CPU = Release|Any CPU
	EndGlobalSection
	GlobalSection(ProjectConfigurationPlatforms) = postSolution
		{BDE09C9C-3BF3-4107-8BD7-E5B98B083ADF}.Debug|Any CPU.ActiveCfg = Debug|Any CPU
		{BDE09C9C-3BF3-4107-8BD7-E5B98B083ADF}.Debug|Any CPU.Build.0 = Debug|Any CPU
		{BDE09C9C-3BF3-4107-8BD7-E5B98B083ADF}.Release|Any CPU.ActiveCfg = Release|Any CPU
		{BDE09C9C-3BF3-4107-8BD7-E5B98B083ADF}.Release|Any CPU.Build.0 = Release|Any CPU
	EndGlobalSection
	GlobalSection(SolutionProperties) = preSolution
		HideSolutionNode = FALSE
	EndGlobalSection
	GlobalSection(ExtensibilityGlobals) = postSolution
		SolutionGuid = {FAE264AD-A68C-4A3F-90C8-BBFA4BEF9878}
	EndGlobalSection
EndGlobal
